
Microsoft Visual Studio Solution File, Format Version 12.00
# Visual Studio Version 17
VisualStudioVersion = 17.14.36301.6 d17.14
MinimumVisualStudioVersion = 10.0.40219.1
Project("{FAE04EC0-301F-11D3-BF4B-00C04F79EFBC}") = "WpfApp1", "WpfApp1.csproj", "{37117F45-FE4E-499A-93A6-2D19E374DA41}"
EndProject
Global
	GlobalSection(SolutionConfigurationPlatforms) = preSolution
		Debug|Any CPU = Debug|Any CPU
		Release|Any CPU = Release|Any CPU
	EndGlobalSection
	GlobalSection(ProjectConfigurationPlatforms) = postSolution
		{37117F45-FE4E-499A-93A6-2D19E374DA41}.Debug|Any CPU.ActiveCfg = Debug|Any CPU
		{37117F45-FE4E-499A-93A6-2D19E374DA41}.Debug|Any CPU.Build.0 = Debug|Any CPU
		{37117F45-FE4E-499A-93A6-2D19E374DA41}.Release|Any CPU.ActiveCfg = Release|Any CPU
		{37117F45-FE4E-499A-93A6-2D19E374DA41}.Release|Any CPU.Build.0 = Release|Any CPU
	EndGlobalSection
	GlobalSection(SolutionProperties) = preSolution
		HideSolutionNode = FALSE
	EndGlobalSection
	GlobalSection(ExtensibilityGlobals) = postSolution
		SolutionGuid = {65CCBE44-5F04-4854-9723-49BA81A6FEBC}
	EndGlobalSection
EndGlobal
